// !$*UTF8*$!
{
	archiveVersion = 1;
	classes = {
	};
	objectVersion = 46;
	objects = {

/* Begin PBXBuildFile section */
		87516A4B1D8BBE5600F205D6 /* main.m in Sources */ = {isa = PBXBuildFile; fileRef = 87516A4A1D8BBE5600F205D6 /* main.m */; };
		87516A4E1D8BBE5600F205D6 /* AppDelegate.m in Sources */ = {isa = PBXBuildFile; fileRef = 87516A4D1D8BBE5600F205D6 /* AppDelegate.m */; };
		87516A511D8BBE5600F205D6 /* ViewController.m in Sources */ = {isa = PBXBuildFile; fileRef = 87516A501D8BBE5600F205D6 /* ViewController.m */; };
		87516A541D8BBE5600F205D6 /* Main.storyboard in Resources */ = {isa = PBXBuildFile; fileRef = 87516A521D8BBE5600F205D6 /* Main.storyboard */; };
		87516A561D8BBE5600F205D6 /* Assets.xcassets in Resources */ = {isa = PBXBuildFile; fileRef = 87516A551D8BBE5600F205D6 /* Assets.xcassets */; };
		87516A591D8BBE5600F205D6 /* LaunchScreen.storyboard in Resources */ = {isa = PBXBuildFile; fileRef = 87516A571D8BBE5600F205D6 /* LaunchScreen.storyboard */; };
		87516A631D8BBF4B00F205D6 /* EOCDatabaseManager.m in Sources */ = {isa = PBXBuildFile; fileRef = 87516A621D8BBF4B00F205D6 /* EOCDatabaseManager.m */; };
/* End PBXBuildFile section */

/* Begin PBXFileReference section */
		87516A461D8BBE5600F205D6 /* AnonymousObjectDemo.app */ = {isa = PBXFileReference; explicitFileType = wrapper.application; includeInIndex = 0; path = AnonymousObjectDemo.app; sourceTree = BUILT_PRODUCTS_DIR; };
		87516A4A1D8BBE5600F205D6 /* main.m */ = {isa = PBXFileReference; lastKnownFileType = sourcecode.c.objc; path = main.m; sourceTree = "<group>"; };
		87516A4C1D8BBE5600F205D6 /* AppDelegate.h */ = {isa = PBXFileReference; lastKnownFileType = sourcecode.c.h; path = AppDelegate.h; sourceTree = "<group>"; };
		87516A4D1D8BBE5600F205D6 /* AppDelegate.m */ = {isa = PBXFileReference; lastKnownFileType = sourcecode.c.objc; path = AppDelegate.m; sourceTree = "<group>"; };
		87516A4F1D8BBE5600F205D6 /* ViewController.h */ = {isa = PBXFileReference; lastKnownFileType = sourcecode.c.h; path = ViewController.h; sourceTree = "<group>"; };
		87516A501D8BBE5600F205D6 /* ViewController.m */ = {isa = PBXFileReference; lastKnownFileType = sourcecode.c.objc; path = ViewController.m; sourceTree = "<group>"; };
		87516A531D8BBE5600F205D6 /* Base */ = {isa = PBXFileReference; lastKnownFileType = file.storyboard; name = Base; path = Base.lproj/Main.storyboard; sourceTree = "<group>"; };
		87516A551D8BBE5600F205D6 /* Assets.xcassets */ = {isa = PBXFileReference; lastKnownFileType = folder.assetcatalog; path = Assets.xcassets; sourceTree = "<group>"; };
		87516A581D8BBE5600F205D6 /* Base */ = {isa = PBXFileReference; lastKnownFileType = file.storyboard; name = Base; path = Base.lproj/LaunchScreen.storyboard; sourceTree = "<group>"; };
		87516A5A1D8BBE5600F205D6 /* Info.plist */ = {isa = PBXFileReference; lastKnownFileType = text.plist.xml; path = Info.plist; sourceTree = "<group>"; };
		87516A601D8BBE8600F205D6 /* EOCDatabaseConnection.h */ = {isa = PBXFileReference; fileEncoding = 4; lastKnownFileType = sourcecode.c.h; path = EOCDatabaseConnection.h; sourceTree = "<group>"; };
		87516A611D8BBF4B00F205D6 /* EOCDatabaseManager.h */ = {isa = PBXFileReference; fileEncoding = 4; lastKnownFileType = sourcecode.c.h; path = EOCDatabaseManager.h; sourceTree = "<group>"; };
		87516A621D8BBF4B00F205D6 /* EOCDatabaseManager.m */ = {isa = PBXFileReference; fileEncoding = 4; lastKnownFileType = sourcecode.c.objc; path = EOCDatabaseManager.m; sourceTree = "<group>"; };
/* End PBXFileReference section */

/* Begin PBXFrameworksBuildPhase section */
		87516A431D8BBE5600F205D6 /* Frameworks */ = {
			isa = PBXFrameworksBuildPhase;
			buildActionMask = 2147483647;
			files = (
			);
			runOnlyForDeploymentPostprocessing = 0;
		};
/* End PBXFrameworksBuildPhase section */

/* Begin PBXGroup section */
		87516A3D1D8BBE5600F205D6 = {
			isa = PBXGroup;
			children = (
				87516A481D8BBE5600F205D6 /* AnonymousObjectDemo */,
				87516A471D8BBE5600F205D6 /* Products */,
			);
			sourceTree = "<group>";
		};
		87516A471D8BBE5600F205D6 /* Products */ = {
			isa = PBXGroup;
			children = (
				87516A461D8BBE5600F205D6 /* AnonymousObjectDemo.app */,
			);
			name = Products;
			sourceTree = "<group>";
		};
		87516A481D8BBE5600F205D6 /* AnonymousObjectDemo */ = {
			isa = PBXGroup;
			children = (
				87516A4C1D8BBE5600F205D6 /* AppDelegate.h */,
				87516A4D1D8BBE5600F205D6 /* AppDelegate.m */,
				87516A601D8BBE8600F205D6 /* EOCDatabaseConnection.h */,
				87516A611D8BBF4B00F205D6 /* EOCDatabaseManager.h */,
				87516A621D8BBF4B00F205D6 /* EOCDatabaseManager.m */,
				87516A4F1D8BBE5600F205D6 /* ViewController.h */,
				87516A501D8BBE5600F205D6 /* ViewController.m */,
				87516A521D8BBE5600F205D6 /* Main.storyboard */,
				87516A551D8BBE5600F205D6 /* Assets.xcassets */,
				87516A571D8BBE5600F205D6 /* LaunchScreen.storyboard */,
				87516A5A1D8BBE5600F205D6 /* Info.plist */,
				87516A491D8BBE5600F205D6 /* Supporting Files */,
			);
			path = AnonymousObjectDemo;
			sourceTree = "<group>";
		};
		87516A491D8BBE5600F205D6 /* Supporting Files */ = {
			isa = PBXGroup;
			children = (
				87516A4A1D8BBE5600F205D6 /* main.m */,
			);
			name = "Supporting Files";
			sourceTree = "<group>";
		};
/* End PBXGroup section */

/* Begin PBXNativeTarget section */
		87516A451D8BBE5600F205D6 /* AnonymousObjectDemo */ = {
			isa = PBXNativeTarget;
			buildConfigurationList = 87516A5D1D8BBE5600F205D6 /* Build configuration list for PBXNativeTarget "AnonymousObjectDemo" */;
			buildPhases = (
				87516A421D8BBE5600F205D6 /* Sources */,
				87516A431D8BBE5600F205D6 /* Frameworks */,
				87516A441D8BBE5600F205D6 /* Resources */,
			);
			buildRules = (
			);
			dependencies = (
			);
			name = AnonymousObjectDemo;
			productName = AnonymousObjectDemo;
			productReference = 87516A461D8BBE5600F205D6 /* AnonymousObjectDemo.app */;
			productType = "com.apple.product-type.application";
		};
/* End PBXNativeTarget section */

/* Begin PBXProject section */
		87516A3E1D8BBE5600F205D6 /* Project object */ = {
			isa = PBXProject;
			attributes = {
				LastUpgradeCheck = 0730;
				ORGANIZATIONNAME = LaiYoung;
				TargetAttributes = {
					87516A451D8BBE5600F205D6 = {
						CreatedOnToolsVersion = 7.3.1;
					};
				};
			};
			buildConfigurationList = 87516A411D8BBE5600F205D6 /* Build configuration list for PBXProject "AnonymousObjectDemo" */;
			compatibilityVersion = "Xcode 3.2";
			developmentRegion = English;
			hasScannedForEncodings = 0;
			knownRegions = (
				en,
				Base,
			);
			mainGroup = 87516A3D1D8BBE5600F205D6;
			productRefGroup = 87516A471D8BBE5600F205D6 /* Products */;
			projectDirPath = "";
			projectRoot = "";
			targets = (
				87516A451D8BBE5600F205D6 /* AnonymousObjectDemo */,
			);
		};
/* End PBXProject section */

/* Begin PBXResourcesBuildPhase section */
		87516A441D8BBE5600F205D6 /* Resources */ = {
			isa = PBXResourcesBuildPhase;
			buildActionMask = 2147483647;
			files = (
				87516A591D8BBE5600F205D6 /* LaunchScreen.storyboard in Resources */,
				87516A561D8BBE5600F205D6 /* Assets.xcassets in Resources */,
				87516A541D8BBE5600F205D6 /* Main.storyboard in Resources */,
			);
			runOnlyForDeploymentPostprocessing = 0;
		};
/* End PBXResourcesBuildPhase section */

/* Begin PBXSourcesBuildPhase section */
		87516A421D8BBE5600F205D6 /* Sources */ = {
			isa = PBXSourcesBuildPhase;
			buildActionMask = 2147483647;
			files = (
				87516A511D8BBE5600F205D6 /* ViewController.m in Sources */,
				87516A4E1D8BBE5600F205D6 /* AppDelegate.m in Sources */,
				87516A631D8BBF4B00F205D6 /* EOCDatabaseManager.m in Sources */,
				87516A4B1D8BBE5600F205D6 /* main.m in Sources */,
			);
			runOnlyForDeploymentPostprocessing = 0;
		};
/* End PBXSourcesBuildPhase section */

/* Begin PBXVariantGroup section */
		87516A521D8BBE5600F205D6 /* Main.storyboard */ = {
			isa = PBXVariantGroup;
			children = (
				87516A531D8BBE5600F205D6 /* Base */,
			);
			name = Main.storyboard;
			sourceTree = "<group>";
		};
		87516A571D8BBE5600F205D6 /* LaunchScreen.storyboard */ = {
			isa = PBXVariantGroup;
			children = (
				87516A581D8BBE5600F205D6 /* Base */,
			);
			name = LaunchScreen.storyboard;
			sourceTree = "<group>";
		};
/* End PBXVariantGroup section */

/* Begin XCBuildConfiguration section */
		87516A5B1D8BBE5600F205D6 /* Debug */ = {
			isa = XCBuildConfiguration;
			buildSettings = {
				ALWAYS_SEARCH_USER_PATHS = NO;
				CLANG_ANALYZER_NONNULL = YES;
				CLANG_CXX_LANGUAGE_STANDARD = "gnu++0x";
				CLANG_CXX_LIBRARY = "libc++";
				CLANG_ENABLE_MODULES = YES;
				CLANG_ENABLE_OBJC_ARC = YES;
				CLANG_WARN_BOOL_CONVERSION = YES;
				CLANG_WARN_CONSTANT_CONVERSION = YES;
				CLANG_WARN_DIRECT_OBJC_ISA_USAGE = YES_ERROR;
				CLANG_WARN_EMPTY_BODY = YES;
				CLANG_WARN_ENUM_CONVERSION = YES;
				CLANG_WARN_INT_CONVERSION = YES;
				CLANG_WARN_OBJC_ROOT_CLASS = YES_ERROR;
				CLANG_WARN_UNREACHABLE_CODE = YES;
				CLANG_WARN__DUPLICATE_METHOD_MATCH = YES;
				"CODE_SIGN_IDENTITY[sdk=iphoneos*]" = "iPhone Developer";
				COPY_PHASE_STRIP = NO;
				DEBUG_INFORMATION_FORMAT = dwarf;
				ENABLE_STRICT_OBJC_MSGSEND = YES;
				ENABLE_TESTABILITY = YES;
				GCC_C_LANGUAGE_STANDARD = gnu99;
				GCC_DYNAMIC_NO_PIC = NO;
				GCC_NO_COMMON_BLOCKS = YES;
				GCC_OPTIMIZATION_LEVEL = 0;
				GCC_PREPROCESSOR_DEFINITIONS = (
					"DEBUG=1",
					"$(inherited)",
				);
				GCC_WARN_64_TO_32_BIT_CONVERSION = YES;
				GCC_WARN_ABOUT_RETURN_TYPE = YES_ERROR;
				GCC_WARN_UNDECLARED_SELECTOR = YES;
				GCC_WARN_UNINITIALIZED_AUTOS = YES_AGGRESSIVE;
				GCC_WARN_UNUSED_FUNCTION = YES;
				GCC_WARN_UNUSED_VARIABLE = YES;
				IPHONEOS_DEPLOYMENT_TARGET = 9.3;
				MTL_ENABLE_DEBUG_INFO = YES;
				ONLY_ACTIVE_ARCH = YES;
				SDKROOT = iphoneos;
			};
			name = Debug;
		};
		87516A5C1D8BBE5600F205D6 /* Release */ = {
			isa = XCBuildConfiguration;
			buildSettings = {
				ALWAYS_SEARCH_USER_PATHS = NO;
				CLANG_ANALYZER_NONNULL = YES;
				CLANG_CXX_LANGUAGE_STANDARD = "gnu++0x";
				CLANG_CXX_LIBRARY = "libc++";
				CLANG_ENABLE_MODULES = YES;
				CLANG_ENABLE_OBJC_ARC = YES;
				CLANG_WARN_BOOL_CONVERSION = YES;
				CLANG_WARN_CONSTANT_CONVERSION = YES;
				CLANG_WARN_DIRECT_OBJC_ISA_USAGE = YES_ERROR;
				CLANG_WARN_EMPTY_BODY = YES;
				CLANG_WARN_ENUM_CONVERSION = YES;
				CLANG_WARN_INT_CONVERSION = YES;
				CLANG_WARN_OBJC_ROOT_CLASS = YES_ERROR;
				CLANG_WARN_UNREACHABLE_CODE = YES;
				CLANG_WARN__DUPLICATE_METHOD_MATCH = YES;
				"CODE_SIGN_IDENTITY[sdk=iphoneos*]" = "iPhone Developer";
				COPY_PHASE_STRIP = NO;
				DEBUG_INFORMATION_FORMAT = "dwarf-with-dsym";
				ENABLE_NS_ASSERTIONS = NO;
				ENABLE_STRICT_OBJC_MSGSEND = YES;
				GCC_C_LANGUAGE_STANDARD = gnu99;
				GCC_NO_COMMON_BLOCKS = YES;
				GCC_WARN_64_TO_32_BIT_CONVERSION = YES;
				GCC_WARN_ABOUT_RETURN_TYPE = YES_ERROR;
				GCC_WARN_UNDECLARED_SELECTOR = YES;
				GCC_WARN_UNINITIALIZED_AUTOS = YES_AGGRESSIVE;
				GCC_WARN_UNUSED_FUNCTION = YES;
				GCC_WARN_UNUSED_VARIABLE = YES;
				IPHONEOS_DEPLOYMENT_TARGET = 9.3;
				MTL_ENABLE_DEBUG_INFO = NO;
				SDKROOT = iphoneos;
				VALIDATE_PRODUCT = YES;
			};
			name = Release;
		};
		87516A5E1D8BBE5600F205D6 /* Debug */ = {
			isa = XCBuildConfiguration;
			buildSettings = {
				ASSETCATALOG_COMPILER_APPICON_NAME = AppIcon;
				INFOPLIST_FILE = AnonymousObjectDemo/Info.plist;
				LD_RUNPATH_SEARCH_PATHS = "$(inherited) @executable_path/Frameworks";
				PRODUCT_BUNDLE_IDENTIFIER = com.LaiYoung.AnonymousObjectDemo;
				PRODUCT_NAME = "$(TARGET_NAME)";
			};
			name = Debug;
		};
		87516A5F1D8BBE5600F205D6 /* Release */ = {
			isa = XCBuildConfiguration;
			buildSettings = {
				ASSETCATALOG_COMPILER_APPICON_NAME = AppIcon;
				INFOPLIST_FILE = AnonymousObjectDemo/Info.plist;
				LD_RUNPATH_SEARCH_PATHS = "$(inherited) @executable_path/Frameworks";
				PRODUCT_BUNDLE_IDENTIFIER = com.LaiYoung.AnonymousObjectDemo;
				PRODUCT_NAME = "$(TARGET_NAME)";
			};
			name = Release;
		};
/* End XCBuildConfiguration section */

/* Begin XCConfigurationList section */
		87516A411D8BBE5600F205D6 /* Build configuration list for PBXProject "AnonymousObjectDemo" */ = {
			isa = XCConfigurationList;
			buildConfigurations = (
				87516A5B1D8BBE5600F205D6 /* Debug */,
				87516A5C1D8BBE5600F205D6 /* Release */,
			);
			defaultConfigurationIsVisible = 0;
			defaultConfigurationName = Release;
		};
		87516A5D1D8BBE5600F205D6 /* Build configuration list for PBXNativeTarget "AnonymousObjectDemo" */ = {
			isa = XCConfigurationList;
			buildConfigurations = (
				87516A5E1D8BBE5600F205D6 /* Debug */,
				87516A5F1D8BBE5600F205D6 /* Release */,
			);
			defaultConfigurationIsVisible = 0;
		};
/* End XCConfigurationList section */
	};
	rootObject = 87516A3E1D8BBE5600F205D6 /* Project object */;
}
